<Solution>
  <Folder Name="/CloakOfDarkness/">
    <File Path="CloakOfDarkness/CloakOfDarkness.grif" />
    <File Path="CloakOfDarkness/Input.txt" />
    <File Path="CloakOfDarkness/Output.txt" />
    <File Path="CloakOfDarkness/Specification.txt" />
  </Folder>
  <Folder Name="/DesignDocs/">
    <File Path="Color.txt" />
    <File Path="DesignDocs/Dags.md" />
    <File Path="DesignDocs/DesignLog.txt" />
    <File Path="DesignDocs/GameFlow.txt" />
    <File Path="DesignDocs/Grod.md" />
    <File Path="DesignDocs/TODO.txt" />
    <File Path="DesignDocs/VisualGrif.png" />
    <File Path="DesignDocs/VisualGrif.txt" />
  </Folder>
  <Folder Name="/Solution Items/">
    <File Path="LICENSE.txt" />
    <File Path="README.md" />
  </Folder>
  <Folder Name="/TicTacToe/">
    <File Path="TicTacToe/TicTacToe.grif" />
  </Folder>
  <Project Path="grif/grif.csproj" />
  <Project Path="griflib/griflib.csproj" Id="e44bd203-07c8-4ece-86de-6dee1d08defb" />
  <Project Path="Tests/Tests.csproj" />
</Solution>
